// !$*UTF8*$!
{
	archiveVersion = 1;
	classes = {
	};
	objectVersion = 46;
	objects = {

/* Begin PBXBuildFile section */
		2B67E5041E925F4500E3FC66 /* AppDelegate.swift in Sources */ = {isa = PBXBuildFile; fileRef = 2B67E5031E925F4500E3FC66 /* AppDelegate.swift */; };
		2B67E5061E925F4500E3FC66 /* ViewController.swift in Sources */ = {isa = PBXBuildFile; fileRef = 2B67E5051E925F4500E3FC66 /* ViewController.swift */; };
		2B67E5091E925F4500E3FC66 /* Main.storyboard in Resources */ = {isa = PBXBuildFile; fileRef = 2B67E5071E925F4500E3FC66 /* Main.storyboard */; };
		2B67E50B1E925F4500E3FC66 /* Assets.xcassets in Resources */ = {isa = PBXBuildFile; fileRef = 2B67E50A1E925F4500E3FC66 /* Assets.xcassets */; };
		2B67E50E1E925F4500E3FC66 /* LaunchScreen.storyboard in Resources */ = {isa = PBXBuildFile; fileRef = 2B67E50C1E925F4500E3FC66 /* LaunchScreen.storyboard */; };
		2B6EB28B1EEA4AE600E57BA5 /* HOMEUUIDKeyChain.m in Sources */ = {isa = PBXBuildFile; fileRef = 2B6EB2881EEA4AE600E57BA5 /* HOMEUUIDKeyChain.m */; };
		2BC6F9D21E93BF600044892F /* JRStringToImage.swift in Sources */ = {isa = PBXBuildFile; fileRef = 2BC6F9D11E93BF600044892F /* JRStringToImage.swift */; };
		2BD42B841E92674E0074913B /* JRCommonCrypto.swift in Sources */ = {isa = PBXBuildFile; fileRef = 2BD42B831E92674E0074913B /* JRCommonCrypto.swift */; };
/* End PBXBuildFile section */

/* Begin PBXFileReference section */
		2B67E5001E925F4500E3FC66 /* JRString.app */ = {isa = PBXFileReference; explicitFileType = wrapper.application; includeInIndex = 0; path = JRString.app; sourceTree = BUILT_PRODUCTS_DIR; };
		2B67E5031E925F4500E3FC66 /* AppDelegate.swift */ = {isa = PBXFileReference; lastKnownFileType = sourcecode.swift; path = AppDelegate.swift; sourceTree = "<group>"; };
		2B67E5051E925F4500E3FC66 /* ViewController.swift */ = {isa = PBXFileReference; lastKnownFileType = sourcecode.swift; path = ViewController.swift; sourceTree = "<group>"; };
		2B67E5081E925F4500E3FC66 /* Base */ = {isa = PBXFileReference; lastKnownFileType = file.storyboard; name = Base; path = Base.lproj/Main.storyboard; sourceTree = "<group>"; };
		2B67E50A1E925F4500E3FC66 /* Assets.xcassets */ = {isa = PBXFileReference; lastKnownFileType = folder.assetcatalog; path = Assets.xcassets; sourceTree = "<group>"; };
		2B67E50D1E925F4500E3FC66 /* Base */ = {isa = PBXFileReference; lastKnownFileType = file.storyboard; name = Base; path = Base.lproj/LaunchScreen.storyboard; sourceTree = "<group>"; };
		2B67E50F1E925F4500E3FC66 /* Info.plist */ = {isa = PBXFileReference; lastKnownFileType = text.plist.xml; path = Info.plist; sourceTree = "<group>"; };
		2B6EB2871EEA4AE600E57BA5 /* HOMEUUIDKeyChain.h */ = {isa = PBXFileReference; fileEncoding = 4; lastKnownFileType = sourcecode.c.h; path = HOMEUUIDKeyChain.h; sourceTree = "<group>"; };
		2B6EB2881EEA4AE600E57BA5 /* HOMEUUIDKeyChain.m */ = {isa = PBXFileReference; fileEncoding = 4; lastKnownFileType = sourcecode.c.objc; path = HOMEUUIDKeyChain.m; sourceTree = "<group>"; };
		2BC6F9A41E938E330044892F /* module.modulemap */ = {isa = PBXFileReference; fileEncoding = 4; lastKnownFileType = "sourcecode.module-map"; path = module.modulemap; sourceTree = "<group>"; };
		2BC6F9A61E938E330044892F /* module.modulemap */ = {isa = PBXFileReference; fileEncoding = 4; lastKnownFileType = "sourcecode.module-map"; path = module.modulemap; sourceTree = "<group>"; };
		2BC6F9A81E938E330044892F /* module.modulemap */ = {isa = PBXFileReference; fileEncoding = 4; lastKnownFileType = "sourcecode.module-map"; path = module.modulemap; sourceTree = "<group>"; };
		2BC6F9AA1E938E330044892F /* module.modulemap */ = {isa = PBXFileReference; fileEncoding = 4; lastKnownFileType = "sourcecode.module-map"; path = module.modulemap; sourceTree = "<group>"; };
		2BC6F9AC1E938E330044892F /* module.modulemap */ = {isa = PBXFileReference; fileEncoding = 4; lastKnownFileType = "sourcecode.module-map"; path = module.modulemap; sourceTree = "<group>"; };
		2BC6F9AE1E938E330044892F /* module.modulemap */ = {isa = PBXFileReference; fileEncoding = 4; lastKnownFileType = "sourcecode.module-map"; path = module.modulemap; sourceTree = "<group>"; };
		2BC6F9B01E938E330044892F /* module.modulemap */ = {isa = PBXFileReference; fileEncoding = 4; lastKnownFileType = "sourcecode.module-map"; path = module.modulemap; sourceTree = "<group>"; };
		2BC6F9D11E93BF600044892F /* JRStringToImage.swift */ = {isa = PBXFileReference; fileEncoding = 4; lastKnownFileType = sourcecode.swift; path = JRStringToImage.swift; sourceTree = "<group>"; };
		2BD42B831E92674E0074913B /* JRCommonCrypto.swift */ = {isa = PBXFileReference; fileEncoding = 4; lastKnownFileType = sourcecode.swift; path = JRCommonCrypto.swift; sourceTree = "<group>"; };
/* End PBXFileReference section */

/* Begin PBXFrameworksBuildPhase section */
		2B67E4FD1E925F4500E3FC66 /* Frameworks */ = {
			isa = PBXFrameworksBuildPhase;
			buildActionMask = 2147483647;
			files = (
			);
			runOnlyForDeploymentPostprocessing = 0;
		};
/* End PBXFrameworksBuildPhase section */

/* Begin PBXGroup section */
		2B67E4F71E925F4500E3FC66 = {
			isa = PBXGroup;
			children = (
				2BC6F9A21E938E330044892F /* CocoaPods */,
				2BD42B821E92674E0074913B /* Classes */,
				2B67E5021E925F4500E3FC66 /* JRString */,
				2B67E5011E925F4500E3FC66 /* Products */,
			);
			sourceTree = "<group>";
		};
		2B67E5011E925F4500E3FC66 /* Products */ = {
			isa = PBXGroup;
			children = (
				2B67E5001E925F4500E3FC66 /* JRString.app */,
			);
			name = Products;
			sourceTree = "<group>";
		};
		2B67E5021E925F4500E3FC66 /* JRString */ = {
			isa = PBXGroup;
			children = (
				2B67E5031E925F4500E3FC66 /* AppDelegate.swift */,
				2B67E5051E925F4500E3FC66 /* ViewController.swift */,
				2B67E5071E925F4500E3FC66 /* Main.storyboard */,
				2B67E50A1E925F4500E3FC66 /* Assets.xcassets */,
				2B67E50C1E925F4500E3FC66 /* LaunchScreen.storyboard */,
				2B67E50F1E925F4500E3FC66 /* Info.plist */,
			);
			path = JRString;
			sourceTree = "<group>";
		};
		2B6EB2861EEA4AE600E57BA5 /* UUID */ = {
			isa = PBXGroup;
			children = (
				2B6EB2871EEA4AE600E57BA5 /* HOMEUUIDKeyChain.h */,
				2B6EB2881EEA4AE600E57BA5 /* HOMEUUIDKeyChain.m */,
			);
			path = UUID;
			sourceTree = "<group>";
		};
		2BC6F9A21E938E330044892F /* CocoaPods */ = {
			isa = PBXGroup;
			children = (
				2BC6F9A31E938E330044892F /* appletvos */,
				2BC6F9A51E938E330044892F /* appletvsimulator */,
				2BC6F9A71E938E330044892F /* iphoneos */,
				2BC6F9A91E938E330044892F /* iphonesimulator */,
				2BC6F9AB1E938E330044892F /* macosx */,
				2BC6F9AD1E938E330044892F /* watchos */,
				2BC6F9AF1E938E330044892F /* watchsimulator */,
			);
			path = CocoaPods;
			sourceTree = "<group>";
		};
		2BC6F9A31E938E330044892F /* appletvos */ = {
			isa = PBXGroup;
			children = (
				2BC6F9A41E938E330044892F /* module.modulemap */,
			);
			path = appletvos;
			sourceTree = "<group>";
		};
		2BC6F9A51E938E330044892F /* appletvsimulator */ = {
			isa = PBXGroup;
			children = (
				2BC6F9A61E938E330044892F /* module.modulemap */,
			);
			path = appletvsimulator;
			sourceTree = "<group>";
		};
		2BC6F9A71E938E330044892F /* iphoneos */ = {
			isa = PBXGroup;
			children = (
				2BC6F9A81E938E330044892F /* module.modulemap */,
			);
			path = iphoneos;
			sourceTree = "<group>";
		};
		2BC6F9A91E938E330044892F /* iphonesimulator */ = {
			isa = PBXGroup;
			children = (
				2BC6F9AA1E938E330044892F /* module.modulemap */,
			);
			path = iphonesimulator;
			sourceTree = "<group>";
		};
		2BC6F9AB1E938E330044892F /* macosx */ = {
			isa = PBXGroup;
			children = (
				2BC6F9AC1E938E330044892F /* module.modulemap */,
			);
			path = macosx;
			sourceTree = "<group>";
		};
		2BC6F9AD1E938E330044892F /* watchos */ = {
			isa = PBXGroup;
			children = (
				2BC6F9AE1E938E330044892F /* module.modulemap */,
			);
			path = watchos;
			sourceTree = "<group>";
		};
		2BC6F9AF1E938E330044892F /* watchsimulator */ = {
			isa = PBXGroup;
			children = (
				2BC6F9B01E938E330044892F /* module.modulemap */,
			);
			path = watchsimulator;
			sourceTree = "<group>";
		};
		2BD42B821E92674E0074913B /* Classes */ = {
			isa = PBXGroup;
			children = (
				2B6EB2861EEA4AE600E57BA5 /* UUID */,
				2BD42B831E92674E0074913B /* JRCommonCrypto.swift */,
				2BC6F9D11E93BF600044892F /* JRStringToImage.swift */,
			);
			path = Classes;
			sourceTree = "<group>";
		};
/* End PBXGroup section */

/* Begin PBXNativeTarget section */
		2B67E4FF1E925F4500E3FC66 /* JRString */ = {
			isa = PBXNativeTarget;
			buildConfigurationList = 2B67E5121E925F4500E3FC66 /* Build configuration list for PBXNativeTarget "JRString" */;
			buildPhases = (
				2B67E4FC1E925F4500E3FC66 /* Sources */,
				2B67E4FD1E925F4500E3FC66 /* Frameworks */,
				2B67E4FE1E925F4500E3FC66 /* Resources */,
			);
			buildRules = (
			);
			dependencies = (
			);
			name = JRString;
			productName = JRString;
			productReference = 2B67E5001E925F4500E3FC66 /* JRString.app */;
			productType = "com.apple.product-type.application";
		};
/* End PBXNativeTarget section */

/* Begin PBXProject section */
		2B67E4F81E925F4500E3FC66 /* Project object */ = {
			isa = PBXProject;
			attributes = {
				LastSwiftUpdateCheck = 0830;
				LastUpgradeCheck = 0830;
				ORGANIZATIONNAME = "京睿";
				TargetAttributes = {
					2B67E4FF1E925F4500E3FC66 = {
						CreatedOnToolsVersion = 8.3;
						ProvisioningStyle = Automatic;
					};
				};
			};
			buildConfigurationList = 2B67E4FB1E925F4500E3FC66 /* Build configuration list for PBXProject "JRString" */;
			compatibilityVersion = "Xcode 3.2";
			developmentRegion = English;
			hasScannedForEncodings = 0;
			knownRegions = (
				en,
				Base,
			);
			mainGroup = 2B67E4F71E925F4500E3FC66;
			productRefGroup = 2B67E5011E925F4500E3FC66 /* Products */;
			projectDirPath = "";
			projectRoot = "";
			targets = (
				2B67E4FF1E925F4500E3FC66 /* JRString */,
			);
		};
/* End PBXProject section */

/* Begin PBXResourcesBuildPhase section */
		2B67E4FE1E925F4500E3FC66 /* Resources */ = {
			isa = PBXResourcesBuildPhase;
			buildActionMask = 2147483647;
			files = (
				2B67E50E1E925F4500E3FC66 /* LaunchScreen.storyboard in Resources */,
				2B67E50B1E925F4500E3FC66 /* Assets.xcassets in Resources */,
				2B67E5091E925F4500E3FC66 /* Main.storyboard in Resources */,
			);
			runOnlyForDeploymentPostprocessing = 0;
		};
/* End PBXResourcesBuildPhase section */

/* Begin PBXSourcesBuildPhase section */
		2B67E4FC1E925F4500E3FC66 /* Sources */ = {
			isa = PBXSourcesBuildPhase;
			buildActionMask = 2147483647;
			files = (
				2B67E5061E925F4500E3FC66 /* ViewController.swift in Sources */,
				2B6EB28B1EEA4AE600E57BA5 /* HOMEUUIDKeyChain.m in Sources */,
				2BC6F9D21E93BF600044892F /* JRStringToImage.swift in Sources */,
				2B67E5041E925F4500E3FC66 /* AppDelegate.swift in Sources */,
				2BD42B841E92674E0074913B /* JRCommonCrypto.swift in Sources */,
			);
			runOnlyForDeploymentPostprocessing = 0;
		};
/* End PBXSourcesBuildPhase section */

/* Begin PBXVariantGroup section */
		2B67E5071E925F4500E3FC66 /* Main.storyboard */ = {
			isa = PBXVariantGroup;
			children = (
				2B67E5081E925F4500E3FC66 /* Base */,
			);
			name = Main.storyboard;
			sourceTree = "<group>";
		};
		2B67E50C1E925F4500E3FC66 /* LaunchScreen.storyboard */ = {
			isa = PBXVariantGroup;
			children = (
				2B67E50D1E925F4500E3FC66 /* Base */,
			);
			name = LaunchScreen.storyboard;
			sourceTree = "<group>";
		};
/* End PBXVariantGroup section */

/* Begin XCBuildConfiguration section */
		2B67E5101E925F4500E3FC66 /* Debug */ = {
			isa = XCBuildConfiguration;
			buildSettings = {
				ALWAYS_SEARCH_USER_PATHS = NO;
				CLANG_ANALYZER_NONNULL = YES;
				CLANG_ANALYZER_NUMBER_OBJECT_CONVERSION = YES_AGGRESSIVE;
				CLANG_CXX_LANGUAGE_STANDARD = "gnu++0x";
				CLANG_CXX_LIBRARY = "libc++";
				CLANG_ENABLE_MODULES = YES;
				CLANG_ENABLE_OBJC_ARC = YES;
				CLANG_WARN_BOOL_CONVERSION = YES;
				CLANG_WARN_CONSTANT_CONVERSION = YES;
				CLANG_WARN_DIRECT_OBJC_ISA_USAGE = YES_ERROR;
				CLANG_WARN_DOCUMENTATION_COMMENTS = YES;
				CLANG_WARN_EMPTY_BODY = YES;
				CLANG_WARN_ENUM_CONVERSION = YES;
				CLANG_WARN_INFINITE_RECURSION = YES;
				CLANG_WARN_INT_CONVERSION = YES;
				CLANG_WARN_OBJC_ROOT_CLASS = YES_ERROR;
				CLANG_WARN_SUSPICIOUS_MOVE = YES;
				CLANG_WARN_UNREACHABLE_CODE = YES;
				CLANG_WARN__DUPLICATE_METHOD_MATCH = YES;
				"CODE_SIGN_IDENTITY[sdk=iphoneos*]" = "iPhone Developer";
				COPY_PHASE_STRIP = NO;
				DEBUG_INFORMATION_FORMAT = dwarf;
				ENABLE_STRICT_OBJC_MSGSEND = YES;
				ENABLE_TESTABILITY = YES;
				GCC_C_LANGUAGE_STANDARD = gnu99;
				GCC_DYNAMIC_NO_PIC = NO;
				GCC_NO_COMMON_BLOCKS = YES;
				GCC_OPTIMIZATION_LEVEL = 0;
				GCC_PREPROCESSOR_DEFINITIONS = (
					"DEBUG=1",
					"$(inherited)",
				);
				GCC_WARN_64_TO_32_BIT_CONVERSION = YES;
				GCC_WARN_ABOUT_RETURN_TYPE = YES_ERROR;
				GCC_WARN_UNDECLARED_SELECTOR = YES;
				GCC_WARN_UNINITIALIZED_AUTOS = YES_AGGRESSIVE;
				GCC_WARN_UNUSED_FUNCTION = YES;
				GCC_WARN_UNUSED_VARIABLE = YES;
				IPHONEOS_DEPLOYMENT_TARGET = 10.3;
				MTL_ENABLE_DEBUG_INFO = YES;
				ONLY_ACTIVE_ARCH = YES;
				SDKROOT = iphoneos;
				SWIFT_ACTIVE_COMPILATION_CONDITIONS = DEBUG;
				SWIFT_OPTIMIZATION_LEVEL = "-Onone";
			};
			name = Debug;
		};
		2B67E5111E925F4500E3FC66 /* Release */ = {
			isa = XCBuildConfiguration;
			buildSettings = {
				ALWAYS_SEARCH_USER_PATHS = NO;
				CLANG_ANALYZER_NONNULL = YES;
				CLANG_ANALYZER_NUMBER_OBJECT_CONVERSION = YES_AGGRESSIVE;
				CLANG_CXX_LANGUAGE_STANDARD = "gnu++0x";
				CLANG_CXX_LIBRARY = "libc++";
				CLANG_ENABLE_MODULES = YES;
				CLANG_ENABLE_OBJC_ARC = YES;
				CLANG_WARN_BOOL_CONVERSION = YES;
				CLANG_WARN_CONSTANT_CONVERSION = YES;
				CLANG_WARN_DIRECT_OBJC_ISA_USAGE = YES_ERROR;
				CLANG_WARN_DOCUMENTATION_COMMENTS = YES;
				CLANG_WARN_EMPTY_BODY = YES;
				CLANG_WARN_ENUM_CONVERSION = YES;
				CLANG_WARN_INFINITE_RECURSION = YES;
				CLANG_WARN_INT_CONVERSION = YES;
				CLANG_WARN_OBJC_ROOT_CLASS = YES_ERROR;
				CLANG_WARN_SUSPICIOUS_MOVE = YES;
				CLANG_WARN_UNREACHABLE_CODE = YES;
				CLANG_WARN__DUPLICATE_METHOD_MATCH = YES;
				"CODE_SIGN_IDENTITY[sdk=iphoneos*]" = "iPhone Developer";
				COPY_PHASE_STRIP = NO;
				DEBUG_INFORMATION_FORMAT = "dwarf-with-dsym";
				ENABLE_NS_ASSERTIONS = NO;
				ENABLE_STRICT_OBJC_MSGSEND = YES;
				GCC_C_LANGUAGE_STANDARD = gnu99;
				GCC_NO_COMMON_BLOCKS = YES;
				GCC_WARN_64_TO_32_BIT_CONVERSION = YES;
				GCC_WARN_ABOUT_RETURN_TYPE = YES_ERROR;
				GCC_WARN_UNDECLARED_SELECTOR = YES;
				GCC_WARN_UNINITIALIZED_AUTOS = YES_AGGRESSIVE;
				GCC_WARN_UNUSED_FUNCTION = YES;
				GCC_WARN_UNUSED_VARIABLE = YES;
				IPHONEOS_DEPLOYMENT_TARGET = 10.3;
				MTL_ENABLE_DEBUG_INFO = NO;
				SDKROOT = iphoneos;
				SWIFT_OPTIMIZATION_LEVEL = "-Owholemodule";
				VALIDATE_PRODUCT = YES;
			};
			name = Release;
		};
		2B67E5131E925F4500E3FC66 /* Debug */ = {
			isa = XCBuildConfiguration;
			buildSettings = {
				ASSETCATALOG_COMPILER_APPICON_NAME = AppIcon;
				INFOPLIST_FILE = JRString/Info.plist;
				LD_RUNPATH_SEARCH_PATHS = "$(inherited) @executable_path/Frameworks";
				PRODUCT_BUNDLE_IDENTIFIER = com.jingruiwangke.JRString;
				PRODUCT_NAME = "$(TARGET_NAME)";
				SWIFT_INCLUDE_PATHS = "";
				"SWIFT_INCLUDE_PATHS[sdk=appletvos*]" = "\"$(SRCROOT)/CocoaPods/appletvos\"";
				"SWIFT_INCLUDE_PATHS[sdk=appletvsimulator*]" = "\"$(SRCROOT)/CocoaPods/appletvsimulator\"";
				"SWIFT_INCLUDE_PATHS[sdk=iphoneos*]" = "\"$(SRCROOT)/CocoaPods/iphoneos\"";
				"SWIFT_INCLUDE_PATHS[sdk=iphonesimulator*]" = "\"$(SRCROOT)/CocoaPods/iphonesimulator\"";
				"SWIFT_INCLUDE_PATHS[sdk=macosx*]" = "\"$(SRCROOT)/CocoaPods/macosx\"";
				"SWIFT_INCLUDE_PATHS[sdk=watchos*]" = "\"$(SRCROOT)/CocoaPods/watchos\"";
				"SWIFT_INCLUDE_PATHS[sdk=watchsimulator*]" = "\"$(SRCROOT)/CocoaPods/watchsimulator\"";
				SWIFT_OBJC_BRIDGING_HEADER = "";
				SWIFT_VERSION = 3.0;
			};
			name = Debug;
		};
		2B67E5141E925F4500E3FC66 /* Release */ = {
			isa = XCBuildConfiguration;
			buildSettings = {
				ASSETCATALOG_COMPILER_APPICON_NAME = AppIcon;
				INFOPLIST_FILE = JRString/Info.plist;
				LD_RUNPATH_SEARCH_PATHS = "$(inherited) @executable_path/Frameworks";
				PRODUCT_BUNDLE_IDENTIFIER = com.jingruiwangke.JRString;
				PRODUCT_NAME = "$(TARGET_NAME)";
				SWIFT_INCLUDE_PATHS = "";
				"SWIFT_INCLUDE_PATHS[sdk=appletvos*]" = "\"$(SRCROOT)/CocoaPods/appletvos\"";
				"SWIFT_INCLUDE_PATHS[sdk=appletvsimulator*]" = "\"$(SRCROOT)/CocoaPods/appletvsimulator\"";
				"SWIFT_INCLUDE_PATHS[sdk=iphoneos*]" = "\"$(SRCROOT)/CocoaPods/iphoneos\"";
				"SWIFT_INCLUDE_PATHS[sdk=iphonesimulator*]" = "\"$(SRCROOT)/CocoaPods/iphonesimulator\"";
				"SWIFT_INCLUDE_PATHS[sdk=macosx*]" = "\"$(SRCROOT)/CocoaPods/macosx\"";
				"SWIFT_INCLUDE_PATHS[sdk=watchos*]" = "\"$(SRCROOT)/CocoaPods/watchos\"";
				"SWIFT_INCLUDE_PATHS[sdk=watchsimulator*]" = "\"$(SRCROOT)/CocoaPods/watchsimulator\"";
				SWIFT_OBJC_BRIDGING_HEADER = "";
				SWIFT_VERSION = 3.0;
			};
			name = Release;
		};
/* End XCBuildConfiguration section */

/* Begin XCConfigurationList section */
		2B67E4FB1E925F4500E3FC66 /* Build configuration list for PBXProject "JRString" */ = {
			isa = XCConfigurationList;
			buildConfigurations = (
				2B67E5101E925F4500E3FC66 /* Debug */,
				2B67E5111E925F4500E3FC66 /* Release */,
			);
			defaultConfigurationIsVisible = 0;
			defaultConfigurationName = Release;
		};
		2B67E5121E925F4500E3FC66 /* Build configuration list for PBXNativeTarget "JRString" */ = {
			isa = XCConfigurationList;
			buildConfigurations = (
				2B67E5131E925F4500E3FC66 /* Debug */,
				2B67E5141E925F4500E3FC66 /* Release */,
			);
			defaultConfigurationIsVisible = 0;
			defaultConfigurationName = Release;
		};
/* End XCConfigurationList section */
	};
	rootObject = 2B67E4F81E925F4500E3FC66 /* Project object */;
}
